
Microsoft Visual Studio Solution File, Format Version 12.00
# Visual Studio Version 17
VisualStudioVersion = 17.3.32922.545
MinimumVisualStudioVersion = 10.0.40219.1
Project("{FAE04EC0-301F-11D3-BF4B-00C04F79EFBC}") = "Class04 Task 3", "Class04 Task 3\Class04 Task 3.csproj", "{0C62678C-AE65-4FF0-97B0-E993FAC2082D}"
EndProject
Global
	GlobalSection(SolutionConfigurationPlatforms) = preSolution
		Debug|Any CPU = Debug|Any CPU
		Release|Any CPU = Release|Any CPU
	EndGlobalSection
	GlobalSection(ProjectConfigurationPlatforms) = postSolution
		{0C62678C-AE65-4FF0-97B0-E993FAC2082D}.Debug|Any CPU.ActiveCfg = Debug|Any CPU
		{0C62678C-AE65-4FF0-97B0-E993FAC2082D}.Debug|Any CPU.Build.0 = Debug|Any CPU
		{0C62678C-AE65-4FF0-97B0-E993FAC2082D}.Release|Any CPU.ActiveCfg = Release|Any CPU
		{0C62678C-AE65-4FF0-97B0-E993FAC2082D}.Release|Any CPU.Build.0 = Release|Any CPU
	EndGlobalSection
	GlobalSection(SolutionProperties) = preSolution
		HideSolutionNode = FALSE
	EndGlobalSection
	GlobalSection(ExtensibilityGlobals) = postSolution
		SolutionGuid = {2B28D296-20CC-4834-BDF6-903B6202B489}
	EndGlobalSection
EndGlobal
