
Microsoft Visual Studio Solution File, Format Version 12.00
# Visual Studio Version 17
VisualStudioVersion = 17.2.32616.157
MinimumVisualStudioVersion = 10.0.40219.1
Project("{FAE04EC0-301F-11D3-BF4B-00C04F79EFBC}") = "Class02 Task2", "Class02 Task2\Class02 Task2.csproj", "{C23E9BA1-9D5B-4E7A-A62D-6847DA62339A}"
EndProject
Global
	GlobalSection(SolutionConfigurationPlatforms) = preSolution
		Debug|Any CPU = Debug|Any CPU
		Release|Any CPU = Release|Any CPU
	EndGlobalSection
	GlobalSection(ProjectConfigurationPlatforms) = postSolution
		{C23E9BA1-9D5B-4E7A-A62D-6847DA62339A}.Debug|Any CPU.ActiveCfg = Debug|Any CPU
		{C23E9BA1-9D5B-4E7A-A62D-6847DA62339A}.Debug|Any CPU.Build.0 = Debug|Any CPU
		{C23E9BA1-9D5B-4E7A-A62D-6847DA62339A}.Release|Any CPU.ActiveCfg = Release|Any CPU
		{C23E9BA1-9D5B-4E7A-A62D-6847DA62339A}.Release|Any CPU.Build.0 = Release|Any CPU
	EndGlobalSection
	GlobalSection(SolutionProperties) = preSolution
		HideSolutionNode = FALSE
	EndGlobalSection
	GlobalSection(ExtensibilityGlobals) = postSolution
		SolutionGuid = {FDA11187-FCA6-4064-97C4-42301D6F3963}
	EndGlobalSection
EndGlobal
