
Microsoft Visual Studio Solution File, Format Version 12.00
# Visual Studio Version 17
VisualStudioVersion = 17.3.32922.545
MinimumVisualStudioVersion = 10.0.40219.1
Project("{9A19103F-16F7-4668-BE54-9A1E7A4F7556}") = "Class05 Task 2", "Class05 Task 2\Class05 Task 2.csproj", "{A49A6983-08AB-4574-B90F-D179CE2AA211}"
EndProject
Global
	GlobalSection(SolutionConfigurationPlatforms) = preSolution
		Debug|Any CPU = Debug|Any CPU
		Release|Any CPU = Release|Any CPU
	EndGlobalSection
	GlobalSection(ProjectConfigurationPlatforms) = postSolution
		{A49A6983-08AB-4574-B90F-D179CE2AA211}.Debug|Any CPU.ActiveCfg = Debug|Any CPU
		{A49A6983-08AB-4574-B90F-D179CE2AA211}.Debug|Any CPU.Build.0 = Debug|Any CPU
		{A49A6983-08AB-4574-B90F-D179CE2AA211}.Release|Any CPU.ActiveCfg = Release|Any CPU
		{A49A6983-08AB-4574-B90F-D179CE2AA211}.Release|Any CPU.Build.0 = Release|Any CPU
	EndGlobalSection
	GlobalSection(SolutionProperties) = preSolution
		HideSolutionNode = FALSE
	EndGlobalSection
	GlobalSection(ExtensibilityGlobals) = postSolution
		SolutionGuid = {1BD90D32-3CB7-4E80-AD00-9619D661FBAA}
	EndGlobalSection
EndGlobal
