
Microsoft Visual Studio Solution File, Format Version 12.00
# Visual Studio Version 17
VisualStudioVersion = 17.3.32922.545
MinimumVisualStudioVersion = 10.0.40219.1
Project("{FAE04EC0-301F-11D3-BF4B-00C04F79EFBC}") = "Class04 Task 2", "Class04 Task 2\Class04 Task 2.csproj", "{A5FC8FB3-BB09-44E5-93F3-F5FA393E7A52}"
EndProject
Global
	GlobalSection(SolutionConfigurationPlatforms) = preSolution
		Debug|Any CPU = Debug|Any CPU
		Release|Any CPU = Release|Any CPU
	EndGlobalSection
	GlobalSection(ProjectConfigurationPlatforms) = postSolution
		{A5FC8FB3-BB09-44E5-93F3-F5FA393E7A52}.Debug|Any CPU.ActiveCfg = Debug|Any CPU
		{A5FC8FB3-BB09-44E5-93F3-F5FA393E7A52}.Debug|Any CPU.Build.0 = Debug|Any CPU
		{A5FC8FB3-BB09-44E5-93F3-F5FA393E7A52}.Release|Any CPU.ActiveCfg = Release|Any CPU
		{A5FC8FB3-BB09-44E5-93F3-F5FA393E7A52}.Release|Any CPU.Build.0 = Release|Any CPU
	EndGlobalSection
	GlobalSection(SolutionProperties) = preSolution
		HideSolutionNode = FALSE
	EndGlobalSection
	GlobalSection(ExtensibilityGlobals) = postSolution
		SolutionGuid = {6A1A5AD8-E0E7-485B-8CDF-9C2ED9F07708}
	EndGlobalSection
EndGlobal
